
Microsoft Visual Studio Solution File, Format Version 12.00
# Visual Studio 15
VisualStudioVersion = 15.0.26124.0
MinimumVisualStudioVersion = 15.0.26124.0
Project("{2150E333-8FDC-42A3-9474-1A3956D46DE8}") = "TheCraftShop", "TheCraftShop", "{88C144BC-2712-43B7-8925-3D9CDB4E7F6B}"
EndProject
Project("{FAE04EC0-301F-11D3-BF4B-00C04F79EFBC}") = "TheCraftShop", "TheCraftShop\TheCraftShop\TheCraftShop.csproj", "{9C1D1F65-9E7F-4DC7-9D0E-12F49C13D166}"
EndProject
Project("{2150E333-8FDC-42A3-9474-1A3956D46DE8}") = "test", "test", "{BACEFCFF-D3FB-402E-B2DB-CD9B7F44ED63}"
EndProject
Project("{FAE04EC0-301F-11D3-BF4B-00C04F79EFBC}") = "TheCraftShop.Tests", "test\TheCraftShop.Tests\TheCraftShop.Tests.csproj", "{8629695C-8F41-45F6-AD12-14BDFE304D5B}"
EndProject
Global
	GlobalSection(SolutionConfigurationPlatforms) = preSolution
		Debug|Any CPU = Debug|Any CPU
		Debug|x64 = Debug|x64
		Debug|x86 = Debug|x86
		Release|Any CPU = Release|Any CPU
		Release|x64 = Release|x64
		Release|x86 = Release|x86
	EndGlobalSection
	GlobalSection(SolutionProperties) = preSolution
		HideSolutionNode = FALSE
	EndGlobalSection
	GlobalSection(ProjectConfigurationPlatforms) = postSolution
		{9C1D1F65-9E7F-4DC7-9D0E-12F49C13D166}.Debug|Any CPU.ActiveCfg = Debug|Any CPU
		{9C1D1F65-9E7F-4DC7-9D0E-12F49C13D166}.Debug|Any CPU.Build.0 = Debug|Any CPU
		{9C1D1F65-9E7F-4DC7-9D0E-12F49C13D166}.Debug|x64.ActiveCfg = Debug|Any CPU
		{9C1D1F65-9E7F-4DC7-9D0E-12F49C13D166}.Debug|x64.Build.0 = Debug|Any CPU
		{9C1D1F65-9E7F-4DC7-9D0E-12F49C13D166}.Debug|x86.ActiveCfg = Debug|Any CPU
		{9C1D1F65-9E7F-4DC7-9D0E-12F49C13D166}.Debug|x86.Build.0 = Debug|Any CPU
		{9C1D1F65-9E7F-4DC7-9D0E-12F49C13D166}.Release|Any CPU.ActiveCfg = Release|Any CPU
		{9C1D1F65-9E7F-4DC7-9D0E-12F49C13D166}.Release|Any CPU.Build.0 = Release|Any CPU
		{9C1D1F65-9E7F-4DC7-9D0E-12F49C13D166}.Release|x64.ActiveCfg = Release|Any CPU
		{9C1D1F65-9E7F-4DC7-9D0E-12F49C13D166}.Release|x64.Build.0 = Release|Any CPU
		{9C1D1F65-9E7F-4DC7-9D0E-12F49C13D166}.Release|x86.ActiveCfg = Release|Any CPU
		{9C1D1F65-9E7F-4DC7-9D0E-12F49C13D166}.Release|x86.Build.0 = Release|Any CPU
		{8629695C-8F41-45F6-AD12-14BDFE304D5B}.Debug|Any CPU.ActiveCfg = Debug|Any CPU
		{8629695C-8F41-45F6-AD12-14BDFE304D5B}.Debug|Any CPU.Build.0 = Debug|Any CPU
		{8629695C-8F41-45F6-AD12-14BDFE304D5B}.Debug|x64.ActiveCfg = Debug|Any CPU
		{8629695C-8F41-45F6-AD12-14BDFE304D5B}.Debug|x64.Build.0 = Debug|Any CPU
		{8629695C-8F41-45F6-AD12-14BDFE304D5B}.Debug|x86.ActiveCfg = Debug|Any CPU
		{8629695C-8F41-45F6-AD12-14BDFE304D5B}.Debug|x86.Build.0 = Debug|Any CPU
		{8629695C-8F41-45F6-AD12-14BDFE304D5B}.Release|Any CPU.ActiveCfg = Release|Any CPU
		{8629695C-8F41-45F6-AD12-14BDFE304D5B}.Release|Any CPU.Build.0 = Release|Any CPU
		{8629695C-8F41-45F6-AD12-14BDFE304D5B}.Release|x64.ActiveCfg = Release|Any CPU
		{8629695C-8F41-45F6-AD12-14BDFE304D5B}.Release|x64.Build.0 = Release|Any CPU
		{8629695C-8F41-45F6-AD12-14BDFE304D5B}.Release|x86.ActiveCfg = Release|Any CPU
		{8629695C-8F41-45F6-AD12-14BDFE304D5B}.Release|x86.Build.0 = Release|Any CPU
	EndGlobalSection
	GlobalSection(NestedProjects) = preSolution
		{9C1D1F65-9E7F-4DC7-9D0E-12F49C13D166} = {88C144BC-2712-43B7-8925-3D9CDB4E7F6B}
		{8629695C-8F41-45F6-AD12-14BDFE304D5B} = {BACEFCFF-D3FB-402E-B2DB-CD9B7F44ED63}
	EndGlobalSection
EndGlobal
