
Microsoft Visual Studio Solution File, Format Version 12.00
# Visual Studio Version 16
VisualStudioVersion = 16.0.30804.86
MinimumVisualStudioVersion = 10.0.40219.1
Project("{9A19103F-16F7-4668-BE54-9A1E7A4F7556}") = "TheCraftShop", "TheCraftShop\TheCraftShop.csproj", "{A259B202-2934-4823-BAA2-CABF78A46940}"
EndProject
Project("{FAE04EC0-301F-11D3-BF4B-00C04F79EFBC}") = "TheCraftShop.Tests", "..\test\TheCraftShop.Tests\TheCraftShop.Tests.csproj", "{D8949956-6359-48B1-BFF2-AFD92DA09752}"
EndProject
Global
	GlobalSection(SolutionConfigurationPlatforms) = preSolution
		Debug|Any CPU = Debug|Any CPU
		Release|Any CPU = Release|Any CPU
	EndGlobalSection
	GlobalSection(ProjectConfigurationPlatforms) = postSolution
		{A259B202-2934-4823-BAA2-CABF78A46940}.Debug|Any CPU.ActiveCfg = Debug|Any CPU
		{A259B202-2934-4823-BAA2-CABF78A46940}.Debug|Any CPU.Build.0 = Debug|Any CPU
		{A259B202-2934-4823-BAA2-CABF78A46940}.Release|Any CPU.ActiveCfg = Release|Any CPU
		{A259B202-2934-4823-BAA2-CABF78A46940}.Release|Any CPU.Build.0 = Release|Any CPU
		{D8949956-6359-48B1-BFF2-AFD92DA09752}.Debug|Any CPU.ActiveCfg = Debug|Any CPU
		{D8949956-6359-48B1-BFF2-AFD92DA09752}.Debug|Any CPU.Build.0 = Debug|Any CPU
		{D8949956-6359-48B1-BFF2-AFD92DA09752}.Release|Any CPU.ActiveCfg = Release|Any CPU
		{D8949956-6359-48B1-BFF2-AFD92DA09752}.Release|Any CPU.Build.0 = Release|Any CPU
	EndGlobalSection
	GlobalSection(SolutionProperties) = preSolution
		HideSolutionNode = FALSE
	EndGlobalSection
	GlobalSection(ExtensibilityGlobals) = postSolution
		SolutionGuid = {328FCAEC-3711-4762-9E78-019E934E9A41}
	EndGlobalSection
EndGlobal
